
Microsoft Visual Studio Solution File, Format Version 12.00
# Visual Studio Version 17
VisualStudioVersion = 17.0.31903.59
MinimumVisualStudioVersion = 10.0.40219.1
Project("{9A19103F-16F7-4668-BE54-9A1E7A4F7556}") = "HelloMicroservices", "HelloWorld\HelloMicroservices.csproj", "{50EF276C-5A17-46AF-8BB3-961705AACA64}"
EndProject
Project("{9A19103F-16F7-4668-BE54-9A1E7A4F7556}") = "ShopingCart", "ShopingCart\ShopingCart.csproj", "{DE8B1813-1F3F-46AC-8273-54CCE95B5015}"
EndProject
Project("{FAE04EC0-301F-11D3-BF4B-00C04F79EFBC}") = "LoyaltyProgram", "LoyaltyProgram\LoyaltyProgram.csproj", "{1AE9CBED-0993-4144-97E3-418F741CAB67}"
EndProject
Project("{2150E333-8FDC-42A3-9474-1A3956D46DE8}") = "Solution Items", "Solution Items", "{97C6E9FD-FA02-46C5-A5DC-6B840FF715E2}"
	ProjectSection(SolutionItems) = preProject
		.editorconfig = .editorconfig
	EndProjectSection
EndProject
Global
	GlobalSection(SolutionConfigurationPlatforms) = preSolution
		Debug|Any CPU = Debug|Any CPU
		Release|Any CPU = Release|Any CPU
	EndGlobalSection
	GlobalSection(ProjectConfigurationPlatforms) = postSolution
		{50EF276C-5A17-46AF-8BB3-961705AACA64}.Debug|Any CPU.ActiveCfg = Debug|Any CPU
		{50EF276C-5A17-46AF-8BB3-961705AACA64}.Debug|Any CPU.Build.0 = Debug|Any CPU
		{50EF276C-5A17-46AF-8BB3-961705AACA64}.Release|Any CPU.ActiveCfg = Release|Any CPU
		{50EF276C-5A17-46AF-8BB3-961705AACA64}.Release|Any CPU.Build.0 = Release|Any CPU
		{DE8B1813-1F3F-46AC-8273-54CCE95B5015}.Debug|Any CPU.ActiveCfg = Debug|Any CPU
		{DE8B1813-1F3F-46AC-8273-54CCE95B5015}.Debug|Any CPU.Build.0 = Debug|Any CPU
		{DE8B1813-1F3F-46AC-8273-54CCE95B5015}.Release|Any CPU.ActiveCfg = Release|Any CPU
		{DE8B1813-1F3F-46AC-8273-54CCE95B5015}.Release|Any CPU.Build.0 = Release|Any CPU
		{1AE9CBED-0993-4144-97E3-418F741CAB67}.Debug|Any CPU.ActiveCfg = Debug|Any CPU
		{1AE9CBED-0993-4144-97E3-418F741CAB67}.Debug|Any CPU.Build.0 = Debug|Any CPU
		{1AE9CBED-0993-4144-97E3-418F741CAB67}.Release|Any CPU.ActiveCfg = Release|Any CPU
		{1AE9CBED-0993-4144-97E3-418F741CAB67}.Release|Any CPU.Build.0 = Release|Any CPU
	EndGlobalSection
	GlobalSection(SolutionProperties) = preSolution
		HideSolutionNode = FALSE
	EndGlobalSection
	GlobalSection(ExtensibilityGlobals) = postSolution
		SolutionGuid = {D15DEBF8-4B1A-4E5E-BF38-F65ADC5C848D}
	EndGlobalSection
EndGlobal
