
Microsoft Visual Studio Solution File, Format Version 12.00
# Visual Studio Version 17
VisualStudioVersion = 17.0.31903.59
MinimumVisualStudioVersion = 10.0.40219.1
Project("{9A19103F-16F7-4668-BE54-9A1E7A4F7556}") = "HelloMicroservices", "HelloWorld\HelloMicroservices.csproj", "{50EF276C-5A17-46AF-8BB3-961705AACA64}"
EndProject
Project("{9A19103F-16F7-4668-BE54-9A1E7A4F7556}") = "ShopingCart", "ShopingCart\ShopingCart.csproj", "{DE8B1813-1F3F-46AC-8273-54CCE95B5015}"
EndProject
Project("{9A19103F-16F7-4668-BE54-9A1E7A4F7556}") = "LoyaltyProgram", "LoyaltyProgram\LoyaltyProgram.csproj", "{1AE9CBED-0993-4144-97E3-418F741CAB67}"
EndProject
Project("{2150E333-8FDC-42A3-9474-1A3956D46DE8}") = "Solution Items", "Solution Items", "{97C6E9FD-FA02-46C5-A5DC-6B840FF715E2}"
	ProjectSection(SolutionItems) = preProject
		.editorconfig = .editorconfig
	EndProjectSection
EndProject
Project("{9A19103F-16F7-4668-BE54-9A1E7A4F7556}") = "LoyaltyProgramEventConsumer", "LoyaltyProgramEventConsumer\LoyaltyProgramEventConsumer.csproj", "{006114AF-7575-4746-AE01-C133EDDC925B}"
EndProject
Project("{9A19103F-16F7-4668-BE54-9A1E7A4F7556}") = "ProductCatalog", "ProductCatalog\ProductCatalog.csproj", "{363C7211-D848-473D-AE4B-BFAF55A6EF81}"
EndProject
Project("{9A19103F-16F7-4668-BE54-9A1E7A4F7556}") = "ApiGateway", "ApiGateway\ApiGateway.csproj", "{BF2B2C02-0C2A-4620-9906-57AFE857875D}"
EndProject
Project("{9A19103F-16F7-4668-BE54-9A1E7A4F7556}") = "LoyaltyProgram.UnitTests", "LoyaltyProgram.UnitTests\LoyaltyProgram.UnitTests.csproj", "{BC67A084-F49B-4FB1-BA79-68043108D1BB}"
EndProject
Project("{9A19103F-16F7-4668-BE54-9A1E7A4F7556}") = "EventFeed", "EventFeed\EventFeed.csproj", "{EB871168-E523-486C-B210-45BBDB5AE1E2}"
EndProject
Project("{9A19103F-16F7-4668-BE54-9A1E7A4F7556}") = "LoyaltyProgram.IntegrationTests", "LoyaltyProgramIntegrationTests\LoyaltyProgram.IntegrationTests.csproj", "{77D0C723-6CB5-427F-8D18-20A05F6BAF68}"
EndProject
Project("{9A19103F-16F7-4668-BE54-9A1E7A4F7556}") = "OWIN.Middleware", "OWIN.Middleware\OWIN.Middleware.csproj", "{6F3C1DAC-7CDB-492F-B450-5CCDB1B3F28D}"
EndProject
Project("{9A19103F-16F7-4668-BE54-9A1E7A4F7556}") = "OWIN.Middleware.Tests", "OWIN.Middleware.Tests\OWIN.Middleware.Tests.csproj", "{238621EC-BAE7-4F55-B089-BC45E3EAFE8F}"
EndProject
Project("{9A19103F-16F7-4668-BE54-9A1E7A4F7556}") = "Login", "Login\Login.csproj", "{21DC5A98-C40D-47E9-9B33-422722F9121B}"
EndProject
Project("{9A19103F-16F7-4668-BE54-9A1E7A4F7556}") = "Microservice.Logging", "Microservice.Logging\Microservice.Logging.csproj", "{42C125B7-576E-424A-9AF8-8AA04FE695A8}"
EndProject
Project("{FAE04EC0-301F-11D3-BF4B-00C04F79EFBC}") = "Microservice.Auth", "Microservice.Auth\Microservice.Auth.csproj", "{9738E327-7C11-4E93-8815-0D170E731520}"
EndProject
Project("{FAE04EC0-301F-11D3-BF4B-00C04F79EFBC}") = "Microservice.Platform", "Microservice.Platform\Microservice.Platform.csproj", "{59599002-4A90-44A8-A37F-666B85F201A7}"
EndProject
Global
	GlobalSection(SolutionConfigurationPlatforms) = preSolution
		Debug|Any CPU = Debug|Any CPU
		Release|Any CPU = Release|Any CPU
	EndGlobalSection
	GlobalSection(ProjectConfigurationPlatforms) = postSolution
		{50EF276C-5A17-46AF-8BB3-961705AACA64}.Debug|Any CPU.ActiveCfg = Debug|Any CPU
		{50EF276C-5A17-46AF-8BB3-961705AACA64}.Debug|Any CPU.Build.0 = Debug|Any CPU
		{50EF276C-5A17-46AF-8BB3-961705AACA64}.Release|Any CPU.ActiveCfg = Release|Any CPU
		{50EF276C-5A17-46AF-8BB3-961705AACA64}.Release|Any CPU.Build.0 = Release|Any CPU
		{DE8B1813-1F3F-46AC-8273-54CCE95B5015}.Debug|Any CPU.ActiveCfg = Debug|Any CPU
		{DE8B1813-1F3F-46AC-8273-54CCE95B5015}.Debug|Any CPU.Build.0 = Debug|Any CPU
		{DE8B1813-1F3F-46AC-8273-54CCE95B5015}.Release|Any CPU.ActiveCfg = Release|Any CPU
		{DE8B1813-1F3F-46AC-8273-54CCE95B5015}.Release|Any CPU.Build.0 = Release|Any CPU
		{1AE9CBED-0993-4144-97E3-418F741CAB67}.Debug|Any CPU.ActiveCfg = Debug|Any CPU
		{1AE9CBED-0993-4144-97E3-418F741CAB67}.Debug|Any CPU.Build.0 = Debug|Any CPU
		{1AE9CBED-0993-4144-97E3-418F741CAB67}.Release|Any CPU.ActiveCfg = Release|Any CPU
		{1AE9CBED-0993-4144-97E3-418F741CAB67}.Release|Any CPU.Build.0 = Release|Any CPU
		{006114AF-7575-4746-AE01-C133EDDC925B}.Debug|Any CPU.ActiveCfg = Debug|Any CPU
		{006114AF-7575-4746-AE01-C133EDDC925B}.Debug|Any CPU.Build.0 = Debug|Any CPU
		{006114AF-7575-4746-AE01-C133EDDC925B}.Release|Any CPU.ActiveCfg = Release|Any CPU
		{006114AF-7575-4746-AE01-C133EDDC925B}.Release|Any CPU.Build.0 = Release|Any CPU
		{363C7211-D848-473D-AE4B-BFAF55A6EF81}.Debug|Any CPU.ActiveCfg = Debug|Any CPU
		{363C7211-D848-473D-AE4B-BFAF55A6EF81}.Debug|Any CPU.Build.0 = Debug|Any CPU
		{363C7211-D848-473D-AE4B-BFAF55A6EF81}.Release|Any CPU.ActiveCfg = Release|Any CPU
		{363C7211-D848-473D-AE4B-BFAF55A6EF81}.Release|Any CPU.Build.0 = Release|Any CPU
		{BF2B2C02-0C2A-4620-9906-57AFE857875D}.Debug|Any CPU.ActiveCfg = Debug|Any CPU
		{BF2B2C02-0C2A-4620-9906-57AFE857875D}.Debug|Any CPU.Build.0 = Debug|Any CPU
		{BF2B2C02-0C2A-4620-9906-57AFE857875D}.Release|Any CPU.ActiveCfg = Release|Any CPU
		{BF2B2C02-0C2A-4620-9906-57AFE857875D}.Release|Any CPU.Build.0 = Release|Any CPU
		{BC67A084-F49B-4FB1-BA79-68043108D1BB}.Debug|Any CPU.ActiveCfg = Debug|Any CPU
		{BC67A084-F49B-4FB1-BA79-68043108D1BB}.Debug|Any CPU.Build.0 = Debug|Any CPU
		{BC67A084-F49B-4FB1-BA79-68043108D1BB}.Release|Any CPU.ActiveCfg = Release|Any CPU
		{BC67A084-F49B-4FB1-BA79-68043108D1BB}.Release|Any CPU.Build.0 = Release|Any CPU
		{EB871168-E523-486C-B210-45BBDB5AE1E2}.Debug|Any CPU.ActiveCfg = Debug|Any CPU
		{EB871168-E523-486C-B210-45BBDB5AE1E2}.Debug|Any CPU.Build.0 = Debug|Any CPU
		{EB871168-E523-486C-B210-45BBDB5AE1E2}.Release|Any CPU.ActiveCfg = Release|Any CPU
		{EB871168-E523-486C-B210-45BBDB5AE1E2}.Release|Any CPU.Build.0 = Release|Any CPU
		{77D0C723-6CB5-427F-8D18-20A05F6BAF68}.Debug|Any CPU.ActiveCfg = Debug|Any CPU
		{77D0C723-6CB5-427F-8D18-20A05F6BAF68}.Debug|Any CPU.Build.0 = Debug|Any CPU
		{77D0C723-6CB5-427F-8D18-20A05F6BAF68}.Release|Any CPU.ActiveCfg = Release|Any CPU
		{77D0C723-6CB5-427F-8D18-20A05F6BAF68}.Release|Any CPU.Build.0 = Release|Any CPU
		{6F3C1DAC-7CDB-492F-B450-5CCDB1B3F28D}.Debug|Any CPU.ActiveCfg = Debug|Any CPU
		{6F3C1DAC-7CDB-492F-B450-5CCDB1B3F28D}.Debug|Any CPU.Build.0 = Debug|Any CPU
		{6F3C1DAC-7CDB-492F-B450-5CCDB1B3F28D}.Release|Any CPU.ActiveCfg = Release|Any CPU
		{6F3C1DAC-7CDB-492F-B450-5CCDB1B3F28D}.Release|Any CPU.Build.0 = Release|Any CPU
		{238621EC-BAE7-4F55-B089-BC45E3EAFE8F}.Debug|Any CPU.ActiveCfg = Debug|Any CPU
		{238621EC-BAE7-4F55-B089-BC45E3EAFE8F}.Debug|Any CPU.Build.0 = Debug|Any CPU
		{238621EC-BAE7-4F55-B089-BC45E3EAFE8F}.Release|Any CPU.ActiveCfg = Release|Any CPU
		{238621EC-BAE7-4F55-B089-BC45E3EAFE8F}.Release|Any CPU.Build.0 = Release|Any CPU
		{21DC5A98-C40D-47E9-9B33-422722F9121B}.Debug|Any CPU.ActiveCfg = Debug|Any CPU
		{21DC5A98-C40D-47E9-9B33-422722F9121B}.Debug|Any CPU.Build.0 = Debug|Any CPU
		{21DC5A98-C40D-47E9-9B33-422722F9121B}.Release|Any CPU.ActiveCfg = Release|Any CPU
		{21DC5A98-C40D-47E9-9B33-422722F9121B}.Release|Any CPU.Build.0 = Release|Any CPU
		{42C125B7-576E-424A-9AF8-8AA04FE695A8}.Debug|Any CPU.ActiveCfg = Debug|Any CPU
		{42C125B7-576E-424A-9AF8-8AA04FE695A8}.Debug|Any CPU.Build.0 = Debug|Any CPU
		{42C125B7-576E-424A-9AF8-8AA04FE695A8}.Release|Any CPU.ActiveCfg = Release|Any CPU
		{42C125B7-576E-424A-9AF8-8AA04FE695A8}.Release|Any CPU.Build.0 = Release|Any CPU
		{9738E327-7C11-4E93-8815-0D170E731520}.Debug|Any CPU.ActiveCfg = Debug|Any CPU
		{9738E327-7C11-4E93-8815-0D170E731520}.Debug|Any CPU.Build.0 = Debug|Any CPU
		{9738E327-7C11-4E93-8815-0D170E731520}.Release|Any CPU.ActiveCfg = Release|Any CPU
		{9738E327-7C11-4E93-8815-0D170E731520}.Release|Any CPU.Build.0 = Release|Any CPU
		{59599002-4A90-44A8-A37F-666B85F201A7}.Debug|Any CPU.ActiveCfg = Debug|Any CPU
		{59599002-4A90-44A8-A37F-666B85F201A7}.Debug|Any CPU.Build.0 = Debug|Any CPU
		{59599002-4A90-44A8-A37F-666B85F201A7}.Release|Any CPU.ActiveCfg = Release|Any CPU
		{59599002-4A90-44A8-A37F-666B85F201A7}.Release|Any CPU.Build.0 = Release|Any CPU
	EndGlobalSection
	GlobalSection(SolutionProperties) = preSolution
		HideSolutionNode = FALSE
	EndGlobalSection
	GlobalSection(ExtensibilityGlobals) = postSolution
		SolutionGuid = {D15DEBF8-4B1A-4E5E-BF38-F65ADC5C848D}
	EndGlobalSection
EndGlobal
